
Microsoft Visual Studio Solution File, Format Version 12.00
# Visual Studio 2012
Project("{8BC9CEB8-8B4A-11D0-8D11-00A0C91BC942}") = "01", "Лаб 9\Лаб 9.vcxproj", "{0DEB7994-FDA6-437E-8219-E6C5CC963066}"
EndProject
Project("{8BC9CEB8-8B4A-11D0-8D11-00A0C91BC942}") = "02", "02\02.vcxproj", "{4B54B77F-2315-48A8-AA42-1E2B84861FAE}"
EndProject
Project("{8BC9CEB8-8B4A-11D0-8D11-00A0C91BC942}") = "03", "03\03.vcxproj", "{A08163A0-353D-4C27-9AFE-FA0D793D1418}"
EndProject
Project("{8BC9CEB8-8B4A-11D0-8D11-00A0C91BC942}") = "04", "04\04.vcxproj", "{25679546-2369-40D1-8BA4-E2B15B94B795}"
EndProject
Project("{8BC9CEB8-8B4A-11D0-8D11-00A0C91BC942}") = "05", "05\05.vcxproj", "{6ECE7276-20DB-44E9-B4C5-670ADA281390}"
EndProject
Project("{8BC9CEB8-8B4A-11D0-8D11-00A0C91BC942}") = "06", "06\06.vcxproj", "{602EBA7A-397A-400C-B9E7-66837C77934C}"
EndProject
Project("{8BC9CEB8-8B4A-11D0-8D11-00A0C91BC942}") = "07", "07\07.vcxproj", "{6DEF8765-42CD-4328-A2A9-910585B749A9}"
EndProject
Project("{8BC9CEB8-8B4A-11D0-8D11-00A0C91BC942}") = "08", "08\08.vcxproj", "{555040C2-E512-4EB3-89C1-29BDD60C7076}"
EndProject
Project("{8BC9CEB8-8B4A-11D0-8D11-00A0C91BC942}") = "09", "09\09.vcxproj", "{EB44E871-CEC3-4F35-BF47-F902F5ACB3C2}"
EndProject
Project("{8BC9CEB8-8B4A-11D0-8D11-00A0C91BC942}") = "10", "10\10.vcxproj", "{AB3D85E2-30BD-43DD-988B-2A76BED6C5C6}"
EndProject
Global
	GlobalSection(SolutionConfigurationPlatforms) = preSolution
		Debug|Win32 = Debug|Win32
		Release|Win32 = Release|Win32
	EndGlobalSection
	GlobalSection(ProjectConfigurationPlatforms) = postSolution
		{0DEB7994-FDA6-437E-8219-E6C5CC963066}.Debug|Win32.ActiveCfg = Debug|Win32
		{0DEB7994-FDA6-437E-8219-E6C5CC963066}.Debug|Win32.Build.0 = Debug|Win32
		{0DEB7994-FDA6-437E-8219-E6C5CC963066}.Release|Win32.ActiveCfg = Release|Win32
		{0DEB7994-FDA6-437E-8219-E6C5CC963066}.Release|Win32.Build.0 = Release|Win32
		{4B54B77F-2315-48A8-AA42-1E2B84861FAE}.Debug|Win32.ActiveCfg = Debug|Win32
		{4B54B77F-2315-48A8-AA42-1E2B84861FAE}.Debug|Win32.Build.0 = Debug|Win32
		{4B54B77F-2315-48A8-AA42-1E2B84861FAE}.Release|Win32.ActiveCfg = Release|Win32
		{4B54B77F-2315-48A8-AA42-1E2B84861FAE}.Release|Win32.Build.0 = Release|Win32
		{A08163A0-353D-4C27-9AFE-FA0D793D1418}.Debug|Win32.ActiveCfg = Debug|Win32
		{A08163A0-353D-4C27-9AFE-FA0D793D1418}.Debug|Win32.Build.0 = Debug|Win32
		{A08163A0-353D-4C27-9AFE-FA0D793D1418}.Release|Win32.ActiveCfg = Release|Win32
		{A08163A0-353D-4C27-9AFE-FA0D793D1418}.Release|Win32.Build.0 = Release|Win32
		{25679546-2369-40D1-8BA4-E2B15B94B795}.Debug|Win32.ActiveCfg = Debug|Win32
		{25679546-2369-40D1-8BA4-E2B15B94B795}.Debug|Win32.Build.0 = Debug|Win32
		{25679546-2369-40D1-8BA4-E2B15B94B795}.Release|Win32.ActiveCfg = Release|Win32
		{25679546-2369-40D1-8BA4-E2B15B94B795}.Release|Win32.Build.0 = Release|Win32
		{6ECE7276-20DB-44E9-B4C5-670ADA281390}.Debug|Win32.ActiveCfg = Debug|Win32
		{6ECE7276-20DB-44E9-B4C5-670ADA281390}.Debug|Win32.Build.0 = Debug|Win32
		{6ECE7276-20DB-44E9-B4C5-670ADA281390}.Release|Win32.ActiveCfg = Release|Win32
		{6ECE7276-20DB-44E9-B4C5-670ADA281390}.Release|Win32.Build.0 = Release|Win32
		{602EBA7A-397A-400C-B9E7-66837C77934C}.Debug|Win32.ActiveCfg = Debug|Win32
		{602EBA7A-397A-400C-B9E7-66837C77934C}.Debug|Win32.Build.0 = Debug|Win32
		{602EBA7A-397A-400C-B9E7-66837C77934C}.Release|Win32.ActiveCfg = Release|Win32
		{602EBA7A-397A-400C-B9E7-66837C77934C}.Release|Win32.Build.0 = Release|Win32
		{6DEF8765-42CD-4328-A2A9-910585B749A9}.Debug|Win32.ActiveCfg = Debug|Win32
		{6DEF8765-42CD-4328-A2A9-910585B749A9}.Debug|Win32.Build.0 = Debug|Win32
		{6DEF8765-42CD-4328-A2A9-910585B749A9}.Release|Win32.ActiveCfg = Release|Win32
		{6DEF8765-42CD-4328-A2A9-910585B749A9}.Release|Win32.Build.0 = Release|Win32
		{555040C2-E512-4EB3-89C1-29BDD60C7076}.Debug|Win32.ActiveCfg = Debug|Win32
		{555040C2-E512-4EB3-89C1-29BDD60C7076}.Debug|Win32.Build.0 = Debug|Win32
		{555040C2-E512-4EB3-89C1-29BDD60C7076}.Release|Win32.ActiveCfg = Release|Win32
		{555040C2-E512-4EB3-89C1-29BDD60C7076}.Release|Win32.Build.0 = Release|Win32
		{EB44E871-CEC3-4F35-BF47-F902F5ACB3C2}.Debug|Win32.ActiveCfg = Debug|Win32
		{EB44E871-CEC3-4F35-BF47-F902F5ACB3C2}.Debug|Win32.Build.0 = Debug|Win32
		{EB44E871-CEC3-4F35-BF47-F902F5ACB3C2}.Release|Win32.ActiveCfg = Release|Win32
		{EB44E871-CEC3-4F35-BF47-F902F5ACB3C2}.Release|Win32.Build.0 = Release|Win32
		{AB3D85E2-30BD-43DD-988B-2A76BED6C5C6}.Debug|Win32.ActiveCfg = Debug|Win32
		{AB3D85E2-30BD-43DD-988B-2A76BED6C5C6}.Debug|Win32.Build.0 = Debug|Win32
		{AB3D85E2-30BD-43DD-988B-2A76BED6C5C6}.Release|Win32.ActiveCfg = Release|Win32
		{AB3D85E2-30BD-43DD-988B-2A76BED6C5C6}.Release|Win32.Build.0 = Release|Win32
	EndGlobalSection
	GlobalSection(SolutionProperties) = preSolution
		HideSolutionNode = FALSE
	EndGlobalSection
EndGlobal
